
Microsoft Visual Studio Solution File, Format Version 12.00
# Visual Studio Version 17
VisualStudioVersion = 17.0.31903.59
MinimumVisualStudioVersion = 10.0.40219.1
Project("{2150E333-8FDC-42A3-9474-1A3956D46DE8}") = "src", "src", "{827E0CD3-B72D-47B6-A68D-7590B98EB39B}"
EndProject
Project("{FAE04EC0-301F-11D3-BF4B-00C04F79EFBC}") = "TranslateSharp.Abstractions", "src\TranslateSharp.Abstractions\TranslateSharp.Abstractions.csproj", "{68B9A822-C428-4707-98C6-AC95D48764E9}"
EndProject
Project("{FAE04EC0-301F-11D3-BF4B-00C04F79EFBC}") = "TranslateSharp", "src\TranslateSharp\TranslateSharp.csproj", "{EB78B2D1-2C71-4244-A9EE-9CE0E7FA6335}"
EndProject
Project("{2150E333-8FDC-42A3-9474-1A3956D46DE8}") = "samples", "samples", "{5D20AA90-6969-D8BD-9DCD-8634F4692FDA}"
EndProject
Project("{FAE04EC0-301F-11D3-BF4B-00C04F79EFBC}") = "TranslateSharp.SampleApi", "samples\TranslateSharp.SampleApi\TranslateSharp.SampleApi.csproj", "{DCAD6DD7-7309-4E55-A08F-13FC4CB17098}"
EndProject
Global
	GlobalSection(SolutionConfigurationPlatforms) = preSolution
		Debug|Any CPU = Debug|Any CPU
		Debug|x64 = Debug|x64
		Debug|x86 = Debug|x86
		Release|Any CPU = Release|Any CPU
		Release|x64 = Release|x64
		Release|x86 = Release|x86
	EndGlobalSection
	GlobalSection(ProjectConfigurationPlatforms) = postSolution
		{68B9A822-C428-4707-98C6-AC95D48764E9}.Debug|Any CPU.ActiveCfg = Debug|Any CPU
		{68B9A822-C428-4707-98C6-AC95D48764E9}.Debug|Any CPU.Build.0 = Debug|Any CPU
		{68B9A822-C428-4707-98C6-AC95D48764E9}.Debug|x64.ActiveCfg = Debug|Any CPU
		{68B9A822-C428-4707-98C6-AC95D48764E9}.Debug|x64.Build.0 = Debug|Any CPU
		{68B9A822-C428-4707-98C6-AC95D48764E9}.Debug|x86.ActiveCfg = Debug|Any CPU
		{68B9A822-C428-4707-98C6-AC95D48764E9}.Debug|x86.Build.0 = Debug|Any CPU
		{68B9A822-C428-4707-98C6-AC95D48764E9}.Release|Any CPU.ActiveCfg = Release|Any CPU
		{68B9A822-C428-4707-98C6-AC95D48764E9}.Release|Any CPU.Build.0 = Release|Any CPU
		{68B9A822-C428-4707-98C6-AC95D48764E9}.Release|x64.ActiveCfg = Release|Any CPU
		{68B9A822-C428-4707-98C6-AC95D48764E9}.Release|x64.Build.0 = Release|Any CPU
		{68B9A822-C428-4707-98C6-AC95D48764E9}.Release|x86.ActiveCfg = Release|Any CPU
		{68B9A822-C428-4707-98C6-AC95D48764E9}.Release|x86.Build.0 = Release|Any CPU
		{EB78B2D1-2C71-4244-A9EE-9CE0E7FA6335}.Debug|Any CPU.ActiveCfg = Debug|Any CPU
		{EB78B2D1-2C71-4244-A9EE-9CE0E7FA6335}.Debug|Any CPU.Build.0 = Debug|Any CPU
		{EB78B2D1-2C71-4244-A9EE-9CE0E7FA6335}.Debug|x64.ActiveCfg = Debug|Any CPU
		{EB78B2D1-2C71-4244-A9EE-9CE0E7FA6335}.Debug|x64.Build.0 = Debug|Any CPU
		{EB78B2D1-2C71-4244-A9EE-9CE0E7FA6335}.Debug|x86.ActiveCfg = Debug|Any CPU
		{EB78B2D1-2C71-4244-A9EE-9CE0E7FA6335}.Debug|x86.Build.0 = Debug|Any CPU
		{EB78B2D1-2C71-4244-A9EE-9CE0E7FA6335}.Release|Any CPU.ActiveCfg = Release|Any CPU
		{EB78B2D1-2C71-4244-A9EE-9CE0E7FA6335}.Release|Any CPU.Build.0 = Release|Any CPU
		{EB78B2D1-2C71-4244-A9EE-9CE0E7FA6335}.Release|x64.ActiveCfg = Release|Any CPU
		{EB78B2D1-2C71-4244-A9EE-9CE0E7FA6335}.Release|x64.Build.0 = Release|Any CPU
		{EB78B2D1-2C71-4244-A9EE-9CE0E7FA6335}.Release|x86.ActiveCfg = Release|Any CPU
		{EB78B2D1-2C71-4244-A9EE-9CE0E7FA6335}.Release|x86.Build.0 = Release|Any CPU
		{DCAD6DD7-7309-4E55-A08F-13FC4CB17098}.Debug|Any CPU.ActiveCfg = Debug|Any CPU
		{DCAD6DD7-7309-4E55-A08F-13FC4CB17098}.Debug|Any CPU.Build.0 = Debug|Any CPU
		{DCAD6DD7-7309-4E55-A08F-13FC4CB17098}.Debug|x64.ActiveCfg = Debug|Any CPU
		{DCAD6DD7-7309-4E55-A08F-13FC4CB17098}.Debug|x64.Build.0 = Debug|Any CPU
		{DCAD6DD7-7309-4E55-A08F-13FC4CB17098}.Debug|x86.ActiveCfg = Debug|Any CPU
		{DCAD6DD7-7309-4E55-A08F-13FC4CB17098}.Debug|x86.Build.0 = Debug|Any CPU
		{DCAD6DD7-7309-4E55-A08F-13FC4CB17098}.Release|Any CPU.ActiveCfg = Release|Any CPU
		{DCAD6DD7-7309-4E55-A08F-13FC4CB17098}.Release|Any CPU.Build.0 = Release|Any CPU
		{DCAD6DD7-7309-4E55-A08F-13FC4CB17098}.Release|x64.ActiveCfg = Release|Any CPU
		{DCAD6DD7-7309-4E55-A08F-13FC4CB17098}.Release|x64.Build.0 = Release|Any CPU
		{DCAD6DD7-7309-4E55-A08F-13FC4CB17098}.Release|x86.ActiveCfg = Release|Any CPU
		{DCAD6DD7-7309-4E55-A08F-13FC4CB17098}.Release|x86.Build.0 = Release|Any CPU
	EndGlobalSection
	GlobalSection(SolutionProperties) = preSolution
		HideSolutionNode = FALSE
	EndGlobalSection
	GlobalSection(NestedProjects) = preSolution
		{68B9A822-C428-4707-98C6-AC95D48764E9} = {827E0CD3-B72D-47B6-A68D-7590B98EB39B}
		{EB78B2D1-2C71-4244-A9EE-9CE0E7FA6335} = {827E0CD3-B72D-47B6-A68D-7590B98EB39B}
		{DCAD6DD7-7309-4E55-A08F-13FC4CB17098} = {5D20AA90-6969-D8BD-9DCD-8634F4692FDA}
	EndGlobalSection
EndGlobal
